
Microsoft Visual Studio Solution File, Format Version 12.00
# Visual Studio 15
VisualStudioVersion = 15.0.27703.2035
MinimumVisualStudioVersion = 10.0.40219.1
Project("{FAE04EC0-301F-11D3-BF4B-00C04F79EFBC}") = "ZBase", "Hypercube\ZBase.csproj", "{39D67A90-685F-4A35-888E-7126BC63A4D7}"
EndProject
Project("{FAE04EC0-301F-11D3-BF4B-00C04F79EFBC}") = "Cli", "Cli\Cli.csproj", "{96A61DB5-3F8E-4B53-9D67-24E643708E2D}"
EndProject
Project("{FAE04EC0-301F-11D3-BF4B-00C04F79EFBC}") = "Gui", "Gui\Gui.csproj", "{F9A050FE-CCC9-49D7-84BD-D8C9090DD4BE}"
EndProject
Project("{FAE04EC0-301F-11D3-BF4B-00C04F79EFBC}") = "ZBase.Tests", "ZBase.Tests\ZBase.Tests.csproj", "{7C872543-2BEF-4541-8E1E-4D73C5375FE9}"
EndProject
Project("{FAE04EC0-301F-11D3-BF4B-00C04F79EFBC}") = "ZBaseTestPlugin", "ZBaseTestPlugin\ZBaseTestPlugin.csproj", "{9A41C525-51A8-4320-AA3B-86D8ADDCD33B}"
EndProject
Project("{FAE04EC0-301F-11D3-BF4B-00C04F79EFBC}") = "ZBase.Building", "ZBase.Building\ZBase.Building.csproj", "{74DE8CDB-0793-4478-A149-6D66D1055B96}"
EndProject
Global
	GlobalSection(SolutionConfigurationPlatforms) = preSolution
		Debug|Any CPU = Debug|Any CPU
		Release|Any CPU = Release|Any CPU
	EndGlobalSection
	GlobalSection(ProjectConfigurationPlatforms) = postSolution
		{39D67A90-685F-4A35-888E-7126BC63A4D7}.Debug|Any CPU.ActiveCfg = Debug|Any CPU
		{39D67A90-685F-4A35-888E-7126BC63A4D7}.Debug|Any CPU.Build.0 = Debug|Any CPU
		{39D67A90-685F-4A35-888E-7126BC63A4D7}.Release|Any CPU.ActiveCfg = Release|Any CPU
		{39D67A90-685F-4A35-888E-7126BC63A4D7}.Release|Any CPU.Build.0 = Release|Any CPU
		{96A61DB5-3F8E-4B53-9D67-24E643708E2D}.Debug|Any CPU.ActiveCfg = Debug|Any CPU
		{96A61DB5-3F8E-4B53-9D67-24E643708E2D}.Debug|Any CPU.Build.0 = Debug|Any CPU
		{96A61DB5-3F8E-4B53-9D67-24E643708E2D}.Release|Any CPU.ActiveCfg = Release|Any CPU
		{96A61DB5-3F8E-4B53-9D67-24E643708E2D}.Release|Any CPU.Build.0 = Release|Any CPU
		{F9A050FE-CCC9-49D7-84BD-D8C9090DD4BE}.Debug|Any CPU.ActiveCfg = Debug|Any CPU
		{F9A050FE-CCC9-49D7-84BD-D8C9090DD4BE}.Debug|Any CPU.Build.0 = Debug|Any CPU
		{F9A050FE-CCC9-49D7-84BD-D8C9090DD4BE}.Release|Any CPU.ActiveCfg = Release|Any CPU
		{F9A050FE-CCC9-49D7-84BD-D8C9090DD4BE}.Release|Any CPU.Build.0 = Release|Any CPU
		{7C872543-2BEF-4541-8E1E-4D73C5375FE9}.Debug|Any CPU.ActiveCfg = Debug|Any CPU
		{7C872543-2BEF-4541-8E1E-4D73C5375FE9}.Debug|Any CPU.Build.0 = Debug|Any CPU
		{7C872543-2BEF-4541-8E1E-4D73C5375FE9}.Release|Any CPU.ActiveCfg = Release|Any CPU
		{7C872543-2BEF-4541-8E1E-4D73C5375FE9}.Release|Any CPU.Build.0 = Release|Any CPU
		{9A41C525-51A8-4320-AA3B-86D8ADDCD33B}.Debug|Any CPU.ActiveCfg = Debug|Any CPU
		{9A41C525-51A8-4320-AA3B-86D8ADDCD33B}.Debug|Any CPU.Build.0 = Debug|Any CPU
		{9A41C525-51A8-4320-AA3B-86D8ADDCD33B}.Release|Any CPU.ActiveCfg = Release|Any CPU
		{9A41C525-51A8-4320-AA3B-86D8ADDCD33B}.Release|Any CPU.Build.0 = Release|Any CPU
		{74DE8CDB-0793-4478-A149-6D66D1055B96}.Debug|Any CPU.ActiveCfg = Debug|Any CPU
		{74DE8CDB-0793-4478-A149-6D66D1055B96}.Debug|Any CPU.Build.0 = Debug|Any CPU
		{74DE8CDB-0793-4478-A149-6D66D1055B96}.Release|Any CPU.ActiveCfg = Release|Any CPU
		{74DE8CDB-0793-4478-A149-6D66D1055B96}.Release|Any CPU.Build.0 = Release|Any CPU
	EndGlobalSection
	GlobalSection(SolutionProperties) = preSolution
		HideSolutionNode = FALSE
	EndGlobalSection
	GlobalSection(ExtensibilityGlobals) = postSolution
		SolutionGuid = {594CA8B9-0E37-4D3F-B86E-9DE9AA867F4B}
	EndGlobalSection
EndGlobal
